{"version":4,"terraform_version":"1.11.4","serial":14,"lineage":"9aaad91b-d76a-e4db-cdf7-424ef3c97421","outputs":{},"resources":[{"mode":"managed","type":"helm_release","name":"envoy_gateway","provider":"provider[\"registry.opentofu.org/hashicorp/helm\"]","instances":[{"schema_version":2,"attributes":{"atomic":false,"chart":"gateway-helm","cleanup_on_fail":false,"create_namespace":false,"dependency_update":false,"description":null,"devel":null,"disable_crd_hooks":false,"disable_openapi_validation":false,"disable_webhooks":false,"force_update":false,"id":"envoy-gateway","keyring":null,"lint":false,"manifest":null,"max_history":0,"metadata":{"app_version":"v1.6.3","chart":"gateway-helm","first_deployed":1769894750,"last_deployed":1769894750,"name":"envoy-gateway","namespace":"envoy-gateway","notes":"**************************************************************************\n*** PLEASE BE PATIENT: Envoy Gateway may take a few minutes to install ***\n**************************************************************************\n\nEnvoy Gateway is an open source project for managing Envoy Proxy as a standalone or Kubernetes-based application gateway.\n\nThank you for installing Envoy Gateway! 🎉\n\nYour release is named: envoy-gateway. 🎉\n\nYour release is in namespace: envoy-gateway. 🎉\n\nTo learn more about the release, try:\n\n  $ helm status envoy-gateway -n envoy-gateway\n  $ helm get all envoy-gateway -n envoy-gateway\n\nTo have a quickstart of Envoy Gateway, please refer to https://gateway.envoyproxy.io/latest/tasks/quickstart.\n\nTo get more details, please visit https://gateway.envoyproxy.io and https://github.com/envoyproxy/gateway.\n","revision":1,"values":"{\"config\":{\"envoyGateway\":{\"logging\":{\"level\":{\"default\":\"info\"}}}}}","version":"v1.6.3"},"name":"envoy-gateway","namespace":"envoy-gateway","pass_credentials":false,"postrender":null,"recreate_pods":false,"render_subchart_notes":true,"replace":false,"repository":"oci://docker.io/envoyproxy","repository_ca_file":null,"repository_cert_file":null,"repository_key_file":null,"repository_password":null,"repository_username":null,"reset_values":false,"resources":null,"reuse_values":false,"set":null,"set_list":null,"set_sensitive":null,"set_wo":null,"set_wo_revision":null,"skip_crds":false,"status":"deployed","take_ownership":false,"timeout":300,"timeouts":null,"upgrade_install":false,"values":["\"config\":\n  \"envoyGateway\":\n    \"logging\":\n      \"level\":\n        \"default\": \"info\"\n"],"verify":false,"version":"v1.6.3","wait":true,"wait_for_jobs":true},"sensitive_attributes":[[{"type":"get_attr","value":"repository_password"}]],"dependencies":["kubernetes_namespace_v1.envoy-gateway"]}]},{"mode":"managed","type":"helm_release","name":"headlamp","provider":"provider[\"registry.opentofu.org/hashicorp/helm\"]","instances":[{"schema_version":2,"attributes":{"atomic":false,"chart":"headlamp","cleanup_on_fail":false,"create_namespace":false,"dependency_update":false,"description":null,"devel":null,"disable_crd_hooks":false,"disable_openapi_validation":false,"disable_webhooks":false,"force_update":false,"id":"headlamp","keyring":null,"lint":false,"manifest":null,"max_history":0,"metadata":{"app_version":"0.39.0","chart":"headlamp","first_deployed":1769894748,"last_deployed":1769895018,"name":"headlamp","namespace":"headlamp","notes":"1. Get the application URL by running these commands:\n  export POD_NAME=$(kubectl get pods --namespace headlamp -l \"app.kubernetes.io/name=headlamp,app.kubernetes.io/instance=headlamp\" -o jsonpath=\"{.items[0].metadata.name}\")\n  export CONTAINER_PORT=$(kubectl get pod --namespace headlamp $POD_NAME -o jsonpath=\"{.spec.containers[0].ports[0].containerPort}\")\n  echo \"Visit http://127.0.0.1:8080 to use your application\"\n  kubectl --namespace headlamp port-forward $POD_NAME 8080:$CONTAINER_PORT\n2. Get the token using\n  kubectl create token headlamp --namespace headlamp\n","revision":2,"values":"{\"config\":{\"baseURL\":\"/headlamp\",\"enableHelm\":true,\"inCluster\":true}}","version":"0.39.0"},"name":"headlamp","namespace":"headlamp","pass_credentials":false,"postrender":null,"recreate_pods":false,"render_subchart_notes":true,"replace":false,"repository":"https://kubernetes-sigs.github.io/headlamp/","repository_ca_file":null,"repository_cert_file":null,"repository_key_file":null,"repository_password":null,"repository_username":null,"reset_values":false,"resources":null,"reuse_values":false,"set":null,"set_list":null,"set_sensitive":null,"set_wo":null,"set_wo_revision":null,"skip_crds":false,"status":"deployed","take_ownership":false,"timeout":300,"timeouts":null,"upgrade_install":false,"values":["\"config\":\n  \"baseURL\": \"/headlamp\"\n  \"enableHelm\": true\n  \"inCluster\": true\n"],"verify":false,"version":"0.39.0","wait":true,"wait_for_jobs":false},"sensitive_attributes":[[{"type":"get_attr","value":"repository_password"}]],"dependencies":["kubernetes_namespace_v1.headlamp"]}]},{"mode":"managed","type":"kubernetes_namespace_v1","name":"apps","provider":"provider[\"registry.opentofu.org/hashicorp/kubernetes\"]","instances":[{"schema_version":0,"attributes":{"id":"apps","metadata":[{"annotations":{},"generate_name":"","generation":0,"labels":{"env":"dev","managed_by":"opentofu","team":"apps"},"name":"apps","resource_version":"842","uid":"0502cb91-3ae6-433a-98fd-87af279d631f"}],"timeouts":null,"wait_for_default_service_account":false},"sensitive_attributes":[],"private":"eyJlMmJmYjczMC1lY2FhLTExZTYtOGY4OC0zNDM2M2JjN2M0YzAiOnsiZGVsZXRlIjozMDAwMDAwMDAwMDB9fQ=="}]},{"mode":"managed","type":"kubernetes_namespace_v1","name":"envoy-gateway","provider":"provider[\"registry.opentofu.org/hashicorp/kubernetes\"]","instances":[{"schema_version":0,"attributes":{"id":"envoy-gateway","metadata":[{"annotations":{},"generate_name":"","generation":0,"labels":{"env":"dev","managed_by":"opentofu"},"name":"envoy-gateway","resource_version":"843","uid":"104cf1a2-5671-4362-b327-576c42a1962f"}],"timeouts":null,"wait_for_default_service_account":false},"sensitive_attributes":[],"private":"eyJlMmJmYjczMC1lY2FhLTExZTYtOGY4OC0zNDM2M2JjN2M0YzAiOnsiZGVsZXRlIjozMDAwMDAwMDAwMDB9fQ=="}]},{"mode":"managed","type":"kubernetes_namespace_v1","name":"headlamp","provider":"provider[\"registry.opentofu.org/hashicorp/kubernetes\"]","instances":[{"schema_version":0,"attributes":{"id":"headlamp","metadata":[{"annotations":{},"generate_name":"","generation":0,"labels":{"env":"dev","managed_by":"opentofu"},"name":"headlamp","resource_version":"841","uid":"f993f728-8055-4f07-b7bf-9755af09bf0d"}],"timeouts":null,"wait_for_default_service_account":false},"sensitive_attributes":[],"private":"eyJlMmJmYjczMC1lY2FhLTExZTYtOGY4OC0zNDM2M2JjN2M0YzAiOnsiZGVsZXRlIjozMDAwMDAwMDAwMDB9fQ=="}]},{"mode":"managed","type":"kubernetes_namespace_v1","name":"monitoring","provider":"provider[\"registry.opentofu.org/hashicorp/kubernetes\"]","instances":[{"schema_version":0,"attributes":{"id":"monitoring","metadata":[{"annotations":null,"generate_name":"","generation":0,"labels":{"env":"dev","managed_by":"opentofu"},"name":"monitoring","resource_version":"4154","uid":"8e3c064b-e843-4045-9511-7de06ba4e0af"}],"timeouts":null,"wait_for_default_service_account":false},"sensitive_attributes":[],"private":"eyJlMmJmYjczMC1lY2FhLTExZTYtOGY4OC0zNDM2M2JjN2M0YzAiOnsiZGVsZXRlIjozMDAwMDAwMDAwMDB9fQ=="}]}],"check_results":null}
